
Microsoft Visual Studio Solution File, Format Version 12.00
# Visual Studio Version 16
VisualStudioVersion = 16.0.31321.278
MinimumVisualStudioVersion = 10.0.40219.1
Project("{9A19103F-16F7-4668-BE54-9A1E7A4F7556}") = "EntityLayer", "EntityLayer\EntityLayer.csproj", "{0AEA3C4C-7650-44FC-8FB8-E1C54C8C7C01}"
EndProject
Project("{9A19103F-16F7-4668-BE54-9A1E7A4F7556}") = "DataAccessLayer", "DataAccessLayer\DataAccessLayer.csproj", "{CF31B107-2ACF-4DF4-BC34-13E1E6A469FE}"
EndProject
Project("{9A19103F-16F7-4668-BE54-9A1E7A4F7556}") = "BusinessLayer", "BusinessLayer\BusinessLayer.csproj", "{67E34061-1876-4B42-B601-7FF13F596CA0}"
EndProject
Project("{9A19103F-16F7-4668-BE54-9A1E7A4F7556}") = "WarehouseTracking", "WarehouseTracking\WarehouseTracking.csproj", "{EC9D4947-CC47-487A-A772-A94103C70AD0}"
EndProject
Project("{FAE04EC0-301F-11D3-BF4B-00C04F79EFBC}") = "SharedLayer", "SharedLayer\SharedLayer.csproj", "{7EDB8F5E-5A3F-4769-BD5B-FE12E2999488}"
EndProject
Global
	GlobalSection(SolutionConfigurationPlatforms) = preSolution
		Debug|Any CPU = Debug|Any CPU
		Release|Any CPU = Release|Any CPU
	EndGlobalSection
	GlobalSection(ProjectConfigurationPlatforms) = postSolution
		{0AEA3C4C-7650-44FC-8FB8-E1C54C8C7C01}.Debug|Any CPU.ActiveCfg = Debug|Any CPU
		{0AEA3C4C-7650-44FC-8FB8-E1C54C8C7C01}.Debug|Any CPU.Build.0 = Debug|Any CPU
		{0AEA3C4C-7650-44FC-8FB8-E1C54C8C7C01}.Release|Any CPU.ActiveCfg = Release|Any CPU
		{0AEA3C4C-7650-44FC-8FB8-E1C54C8C7C01}.Release|Any CPU.Build.0 = Release|Any CPU
		{CF31B107-2ACF-4DF4-BC34-13E1E6A469FE}.Debug|Any CPU.ActiveCfg = Debug|Any CPU
		{CF31B107-2ACF-4DF4-BC34-13E1E6A469FE}.Debug|Any CPU.Build.0 = Debug|Any CPU
		{CF31B107-2ACF-4DF4-BC34-13E1E6A469FE}.Release|Any CPU.ActiveCfg = Release|Any CPU
		{CF31B107-2ACF-4DF4-BC34-13E1E6A469FE}.Release|Any CPU.Build.0 = Release|Any CPU
		{67E34061-1876-4B42-B601-7FF13F596CA0}.Debug|Any CPU.ActiveCfg = Debug|Any CPU
		{67E34061-1876-4B42-B601-7FF13F596CA0}.Debug|Any CPU.Build.0 = Debug|Any CPU
		{67E34061-1876-4B42-B601-7FF13F596CA0}.Release|Any CPU.ActiveCfg = Release|Any CPU
		{67E34061-1876-4B42-B601-7FF13F596CA0}.Release|Any CPU.Build.0 = Release|Any CPU
		{EC9D4947-CC47-487A-A772-A94103C70AD0}.Debug|Any CPU.ActiveCfg = Debug|Any CPU
		{EC9D4947-CC47-487A-A772-A94103C70AD0}.Debug|Any CPU.Build.0 = Debug|Any CPU
		{EC9D4947-CC47-487A-A772-A94103C70AD0}.Release|Any CPU.ActiveCfg = Release|Any CPU
		{EC9D4947-CC47-487A-A772-A94103C70AD0}.Release|Any CPU.Build.0 = Release|Any CPU
		{7EDB8F5E-5A3F-4769-BD5B-FE12E2999488}.Debug|Any CPU.ActiveCfg = Debug|Any CPU
		{7EDB8F5E-5A3F-4769-BD5B-FE12E2999488}.Debug|Any CPU.Build.0 = Debug|Any CPU
		{7EDB8F5E-5A3F-4769-BD5B-FE12E2999488}.Release|Any CPU.ActiveCfg = Release|Any CPU
		{7EDB8F5E-5A3F-4769-BD5B-FE12E2999488}.Release|Any CPU.Build.0 = Release|Any CPU
	EndGlobalSection
	GlobalSection(SolutionProperties) = preSolution
		HideSolutionNode = FALSE
	EndGlobalSection
	GlobalSection(ExtensibilityGlobals) = postSolution
		SolutionGuid = {562CAFF0-F649-4F8F-A856-458741FA5852}
	EndGlobalSection
EndGlobal
